// !$*UTF8*$!
{
	archiveVersion = 1;
	classes = {
	};
	objectVersion = 46;
	objects = {

/* Begin PBXBuildFile section */
		356BA182436B455ABE78C845 /* libPods.a in Frameworks */ = {isa = PBXBuildFile; fileRef = A15282C83FB149B28A5372F1 /* libPods.a */; };
		B65A67DA15F5D05E0039318C /* UIKit.framework in Frameworks */ = {isa = PBXBuildFile; fileRef = B65A67D915F5D05E0039318C /* UIKit.framework */; };
		B65A67DC15F5D05E0039318C /* Foundation.framework in Frameworks */ = {isa = PBXBuildFile; fileRef = B65A67DB15F5D05E0039318C /* Foundation.framework */; };
		B65A67DE15F5D05E0039318C /* CoreGraphics.framework in Frameworks */ = {isa = PBXBuildFile; fileRef = B65A67DD15F5D05E0039318C /* CoreGraphics.framework */; };
		B65A67E415F5D05E0039318C /* InfoPlist.strings in Resources */ = {isa = PBXBuildFile; fileRef = B65A67E215F5D05E0039318C /* InfoPlist.strings */; };
		B65A67E615F5D05E0039318C /* main.m in Sources */ = {isa = PBXBuildFile; fileRef = B65A67E515F5D05E0039318C /* main.m */; };
		B65A67EA15F5D05E0039318C /* AppDelegate.m in Sources */ = {isa = PBXBuildFile; fileRef = B65A67E915F5D05E0039318C /* AppDelegate.m */; };
		B65A67ED15F5D05E0039318C /* ViewController.m in Sources */ = {isa = PBXBuildFile; fileRef = B65A67EC15F5D05E0039318C /* ViewController.m */; };
		B65A67F015F5D05E0039318C /* ViewController.xib in Resources */ = {isa = PBXBuildFile; fileRef = B65A67EE15F5D05E0039318C /* ViewController.xib */; };
		B65A67F715F5D1410039318C /* libxml2.dylib in Frameworks */ = {isa = PBXBuildFile; fileRef = B65A67F615F5D1410039318C /* libxml2.dylib */; };
		B66E7F4B15F5E06600D71B25 /* GTMNSString+HTML.m in Sources */ = {isa = PBXBuildFile; fileRef = B66E7F4915F5E06600D71B25 /* GTMNSString+HTML.m */; settings = {COMPILER_FLAGS = "-fno-objc-arc"; }; };
		B66E7F4D15F5E5B700D71B25 /* Ubuntu-Light.ttf in Resources */ = {isa = PBXBuildFile; fileRef = B66E7F4C15F5E5B700D71B25 /* Ubuntu-Light.ttf */; };
		B6ACA82815F6267100E578EB /* Icon-72.png in Resources */ = {isa = PBXBuildFile; fileRef = B6ACA82415F6267100E578EB /* Icon-72.png */; };
		B6ACA82915F6267100E578EB /* Icon-57.png in Resources */ = {isa = PBXBuildFile; fileRef = B6ACA82515F6267100E578EB /* Icon-57.png */; };
		B6ACA82A15F6267100E578EB /* Icon-144.png in Resources */ = {isa = PBXBuildFile; fileRef = B6ACA82615F6267100E578EB /* Icon-144.png */; };
		B6ACA82B15F6267100E578EB /* Icon-114.png in Resources */ = {isa = PBXBuildFile; fileRef = B6ACA82715F6267100E578EB /* Icon-114.png */; };
/* End PBXBuildFile section */

/* Begin PBXFileReference section */
		1C067243F91C4545A0E4BBB6 /* Pods.xcconfig */ = {isa = PBXFileReference; includeInIndex = 1; lastKnownFileType = text.xcconfig; name = Pods.xcconfig; path = Pods/Pods.xcconfig; sourceTree = SOURCE_ROOT; };
		A15282C83FB149B28A5372F1 /* libPods.a */ = {isa = PBXFileReference; explicitFileType = archive.ar; includeInIndex = 0; path = libPods.a; sourceTree = BUILT_PRODUCTS_DIR; };
		B65A67D515F5D05E0039318C /* tinyBash.app */ = {isa = PBXFileReference; explicitFileType = wrapper.application; includeInIndex = 0; path = tinyBash.app; sourceTree = BUILT_PRODUCTS_DIR; };
		B65A67D915F5D05E0039318C /* UIKit.framework */ = {isa = PBXFileReference; includeInIndex = 1; lastKnownFileType = wrapper.framework; name = UIKit.framework; path = System/Library/Frameworks/UIKit.framework; sourceTree = SDKROOT; };
		B65A67DB15F5D05E0039318C /* Foundation.framework */ = {isa = PBXFileReference; includeInIndex = 1; lastKnownFileType = wrapper.framework; name = Foundation.framework; path = System/Library/Frameworks/Foundation.framework; sourceTree = SDKROOT; };
		B65A67DD15F5D05E0039318C /* CoreGraphics.framework */ = {isa = PBXFileReference; includeInIndex = 1; lastKnownFileType = wrapper.framework; name = CoreGraphics.framework; path = System/Library/Frameworks/CoreGraphics.framework; sourceTree = SDKROOT; };
		B65A67E115F5D05E0039318C /* tinyBash-Info.plist */ = {isa = PBXFileReference; lastKnownFileType = text.plist.xml; path = "tinyBash-Info.plist"; sourceTree = "<group>"; };
		B65A67E315F5D05E0039318C /* en */ = {isa = PBXFileReference; lastKnownFileType = text.plist.strings; name = en; path = en.lproj/InfoPlist.strings; sourceTree = "<group>"; };
		B65A67E515F5D05E0039318C /* main.m */ = {isa = PBXFileReference; lastKnownFileType = sourcecode.c.objc; path = main.m; sourceTree = "<group>"; };
		B65A67E715F5D05E0039318C /* tinyBash-Prefix.pch */ = {isa = PBXFileReference; lastKnownFileType = sourcecode.c.h; path = "tinyBash-Prefix.pch"; sourceTree = "<group>"; };
		B65A67E815F5D05E0039318C /* AppDelegate.h */ = {isa = PBXFileReference; lastKnownFileType = sourcecode.c.h; path = AppDelegate.h; sourceTree = "<group>"; };
		B65A67E915F5D05E0039318C /* AppDelegate.m */ = {isa = PBXFileReference; lastKnownFileType = sourcecode.c.objc; path = AppDelegate.m; sourceTree = "<group>"; };
		B65A67EB15F5D05E0039318C /* ViewController.h */ = {isa = PBXFileReference; lastKnownFileType = sourcecode.c.h; path = ViewController.h; sourceTree = "<group>"; };
		B65A67EC15F5D05E0039318C /* ViewController.m */ = {isa = PBXFileReference; lastKnownFileType = sourcecode.c.objc; path = ViewController.m; sourceTree = "<group>"; };
		B65A67EF15F5D05E0039318C /* en */ = {isa = PBXFileReference; lastKnownFileType = file.xib; name = en; path = en.lproj/ViewController.xib; sourceTree = "<group>"; };
		B65A67F615F5D1410039318C /* libxml2.dylib */ = {isa = PBXFileReference; includeInIndex = 1; lastKnownFileType = "compiled.mach-o.dylib"; name = libxml2.dylib; path = usr/lib/libxml2.dylib; sourceTree = SDKROOT; };
		B66E7F4915F5E06600D71B25 /* GTMNSString+HTML.m */ = {isa = PBXFileReference; fileEncoding = 4; lastKnownFileType = sourcecode.c.objc; path = "GTMNSString+HTML.m"; sourceTree = "<group>"; };
		B66E7F4A15F5E06600D71B25 /* GTMNSString+HTML.h */ = {isa = PBXFileReference; fileEncoding = 4; lastKnownFileType = sourcecode.c.h; path = "GTMNSString+HTML.h"; sourceTree = "<group>"; };
		B66E7F4C15F5E5B700D71B25 /* Ubuntu-Light.ttf */ = {isa = PBXFileReference; lastKnownFileType = file; path = "Ubuntu-Light.ttf"; sourceTree = "<group>"; };
		B6ACA82415F6267100E578EB /* Icon-72.png */ = {isa = PBXFileReference; lastKnownFileType = image.png; path = "Icon-72.png"; sourceTree = SOURCE_ROOT; };
		B6ACA82515F6267100E578EB /* Icon-57.png */ = {isa = PBXFileReference; lastKnownFileType = image.png; path = "Icon-57.png"; sourceTree = SOURCE_ROOT; };
		B6ACA82615F6267100E578EB /* Icon-144.png */ = {isa = PBXFileReference; lastKnownFileType = image.png; path = "Icon-144.png"; sourceTree = SOURCE_ROOT; };
		B6ACA82715F6267100E578EB /* Icon-114.png */ = {isa = PBXFileReference; lastKnownFileType = image.png; path = "Icon-114.png"; sourceTree = SOURCE_ROOT; };
		B6ACA82C15F6332800E578EB /* config.h */ = {isa = PBXFileReference; lastKnownFileType = sourcecode.c.h; path = config.h; sourceTree = "<group>"; };
/* End PBXFileReference section */

/* Begin PBXFrameworksBuildPhase section */
		B65A67D215F5D05E0039318C /* Frameworks */ = {
			isa = PBXFrameworksBuildPhase;
			buildActionMask = 2147483647;
			files = (
				B65A67F715F5D1410039318C /* libxml2.dylib in Frameworks */,
				B65A67DA15F5D05E0039318C /* UIKit.framework in Frameworks */,
				B65A67DC15F5D05E0039318C /* Foundation.framework in Frameworks */,
				B65A67DE15F5D05E0039318C /* CoreGraphics.framework in Frameworks */,
				356BA182436B455ABE78C845 /* libPods.a in Frameworks */,
			);
			runOnlyForDeploymentPostprocessing = 0;
		};
/* End PBXFrameworksBuildPhase section */

/* Begin PBXGroup section */
		B65A67CA15F5D05E0039318C = {
			isa = PBXGroup;
			children = (
				B65A67DF15F5D05E0039318C /* tinyBash */,
				B65A67D815F5D05E0039318C /* Frameworks */,
				B65A67D615F5D05E0039318C /* Products */,
				1C067243F91C4545A0E4BBB6 /* Pods.xcconfig */,
			);
			sourceTree = "<group>";
		};
		B65A67D615F5D05E0039318C /* Products */ = {
			isa = PBXGroup;
			children = (
				B65A67D515F5D05E0039318C /* tinyBash.app */,
			);
			name = Products;
			sourceTree = "<group>";
		};
		B65A67D815F5D05E0039318C /* Frameworks */ = {
			isa = PBXGroup;
			children = (
				B65A67F615F5D1410039318C /* libxml2.dylib */,
				B65A67D915F5D05E0039318C /* UIKit.framework */,
				B65A67DB15F5D05E0039318C /* Foundation.framework */,
				B65A67DD15F5D05E0039318C /* CoreGraphics.framework */,
				A15282C83FB149B28A5372F1 /* libPods.a */,
			);
			name = Frameworks;
			sourceTree = "<group>";
		};
		B65A67DF15F5D05E0039318C /* tinyBash */ = {
			isa = PBXGroup;
			children = (
				B6ACA82C15F6332800E578EB /* config.h */,
				B65A67E815F5D05E0039318C /* AppDelegate.h */,
				B65A67E915F5D05E0039318C /* AppDelegate.m */,
				B65A67EB15F5D05E0039318C /* ViewController.h */,
				B65A67EC15F5D05E0039318C /* ViewController.m */,
				B65A67EE15F5D05E0039318C /* ViewController.xib */,
				B65A67E015F5D05E0039318C /* Supporting Files */,
			);
			path = tinyBash;
			sourceTree = "<group>";
		};
		B65A67E015F5D05E0039318C /* Supporting Files */ = {
			isa = PBXGroup;
			children = (
				B66E7F4915F5E06600D71B25 /* GTMNSString+HTML.m */,
				B66E7F4A15F5E06600D71B25 /* GTMNSString+HTML.h */,
				B6ACA82415F6267100E578EB /* Icon-72.png */,
				B6ACA82515F6267100E578EB /* Icon-57.png */,
				B6ACA82615F6267100E578EB /* Icon-144.png */,
				B6ACA82715F6267100E578EB /* Icon-114.png */,
				B66E7F4C15F5E5B700D71B25 /* Ubuntu-Light.ttf */,
				B65A67E115F5D05E0039318C /* tinyBash-Info.plist */,
				B65A67E215F5D05E0039318C /* InfoPlist.strings */,
				B65A67E515F5D05E0039318C /* main.m */,
				B65A67E715F5D05E0039318C /* tinyBash-Prefix.pch */,
			);
			name = "Supporting Files";
			sourceTree = "<group>";
		};
/* End PBXGroup section */

/* Begin PBXNativeTarget section */
		B65A67D415F5D05E0039318C /* tinyBash */ = {
			isa = PBXNativeTarget;
			buildConfigurationList = B65A67F315F5D05E0039318C /* Build configuration list for PBXNativeTarget "tinyBash" */;
			buildPhases = (
				B65A67D115F5D05E0039318C /* Sources */,
				B65A67D215F5D05E0039318C /* Frameworks */,
				B65A67D315F5D05E0039318C /* Resources */,
				A1086DCD33AE4A2981B72FBF /* Copy Pods Resources */,
			);
			buildRules = (
			);
			dependencies = (
			);
			name = tinyBash;
			productName = tinyBash;
			productReference = B65A67D515F5D05E0039318C /* tinyBash.app */;
			productType = "com.apple.product-type.application";
		};
/* End PBXNativeTarget section */

/* Begin PBXProject section */
		B65A67CC15F5D05E0039318C /* Project object */ = {
			isa = PBXProject;
			attributes = {
				LastUpgradeCheck = 0440;
				ORGANIZATIONNAME = "Viktor Kotseruba";
			};
			buildConfigurationList = B65A67CF15F5D05E0039318C /* Build configuration list for PBXProject "tinyBash" */;
			compatibilityVersion = "Xcode 3.2";
			developmentRegion = English;
			hasScannedForEncodings = 0;
			knownRegions = (
				en,
			);
			mainGroup = B65A67CA15F5D05E0039318C;
			productRefGroup = B65A67D615F5D05E0039318C /* Products */;
			projectDirPath = "";
			projectRoot = "";
			targets = (
				B65A67D415F5D05E0039318C /* tinyBash */,
			);
		};
/* End PBXProject section */

/* Begin PBXResourcesBuildPhase section */
		B65A67D315F5D05E0039318C /* Resources */ = {
			isa = PBXResourcesBuildPhase;
			buildActionMask = 2147483647;
			files = (
				B65A67E415F5D05E0039318C /* InfoPlist.strings in Resources */,
				B65A67F015F5D05E0039318C /* ViewController.xib in Resources */,
				B66E7F4D15F5E5B700D71B25 /* Ubuntu-Light.ttf in Resources */,
				B6ACA82815F6267100E578EB /* Icon-72.png in Resources */,
				B6ACA82915F6267100E578EB /* Icon-57.png in Resources */,
				B6ACA82A15F6267100E578EB /* Icon-144.png in Resources */,
				B6ACA82B15F6267100E578EB /* Icon-114.png in Resources */,
			);
			runOnlyForDeploymentPostprocessing = 0;
		};
/* End PBXResourcesBuildPhase section */

/* Begin PBXShellScriptBuildPhase section */
		A1086DCD33AE4A2981B72FBF /* Copy Pods Resources */ = {
			isa = PBXShellScriptBuildPhase;
			buildActionMask = 2147483647;
			files = (
			);
			inputPaths = (
			);
			name = "Copy Pods Resources";
			outputPaths = (
			);
			runOnlyForDeploymentPostprocessing = 0;
			shellPath = /bin/sh;
			shellScript = "\"${SRCROOT}/Pods/Pods-resources.sh\"\n";
		};
/* End PBXShellScriptBuildPhase section */

/* Begin PBXSourcesBuildPhase section */
		B65A67D115F5D05E0039318C /* Sources */ = {
			isa = PBXSourcesBuildPhase;
			buildActionMask = 2147483647;
			files = (
				B65A67E615F5D05E0039318C /* main.m in Sources */,
				B65A67EA15F5D05E0039318C /* AppDelegate.m in Sources */,
				B65A67ED15F5D05E0039318C /* ViewController.m in Sources */,
				B66E7F4B15F5E06600D71B25 /* GTMNSString+HTML.m in Sources */,
			);
			runOnlyForDeploymentPostprocessing = 0;
		};
/* End PBXSourcesBuildPhase section */

/* Begin PBXVariantGroup section */
		B65A67E215F5D05E0039318C /* InfoPlist.strings */ = {
			isa = PBXVariantGroup;
			children = (
				B65A67E315F5D05E0039318C /* en */,
			);
			name = InfoPlist.strings;
			sourceTree = "<group>";
		};
		B65A67EE15F5D05E0039318C /* ViewController.xib */ = {
			isa = PBXVariantGroup;
			children = (
				B65A67EF15F5D05E0039318C /* en */,
			);
			name = ViewController.xib;
			sourceTree = "<group>";
		};
/* End PBXVariantGroup section */

/* Begin XCBuildConfiguration section */
		B65A67F115F5D05E0039318C /* Debug */ = {
			isa = XCBuildConfiguration;
			buildSettings = {
				ALWAYS_SEARCH_USER_PATHS = NO;
				ARCHS = "$(ARCHS_STANDARD_32_BIT)";
				CLANG_CXX_LANGUAGE_STANDARD = "gnu++0x";
				CLANG_ENABLE_OBJC_ARC = YES;
				CLANG_WARN__DUPLICATE_METHOD_MATCH = YES;
				"CODE_SIGN_IDENTITY[sdk=iphoneos*]" = "iPhone Developer";
				COPY_PHASE_STRIP = NO;
				GCC_C_LANGUAGE_STANDARD = gnu99;
				GCC_DYNAMIC_NO_PIC = NO;
				GCC_OPTIMIZATION_LEVEL = 0;
				GCC_PREPROCESSOR_DEFINITIONS = (
					"DEBUG=1",
					"$(inherited)",
				);
				GCC_SYMBOLS_PRIVATE_EXTERN = NO;
				GCC_VERSION = com.apple.compilers.llvm.clang.1_0;
				GCC_WARN_ABOUT_RETURN_TYPE = YES;
				GCC_WARN_UNINITIALIZED_AUTOS = YES;
				GCC_WARN_UNUSED_VARIABLE = YES;
				IPHONEOS_DEPLOYMENT_TARGET = 5.1;
				SDKROOT = iphoneos;
			};
			name = Debug;
		};
		B65A67F215F5D05E0039318C /* Release */ = {
			isa = XCBuildConfiguration;
			buildSettings = {
				ALWAYS_SEARCH_USER_PATHS = NO;
				ARCHS = "$(ARCHS_STANDARD_32_BIT)";
				CLANG_CXX_LANGUAGE_STANDARD = "gnu++0x";
				CLANG_ENABLE_OBJC_ARC = YES;
				CLANG_WARN__DUPLICATE_METHOD_MATCH = YES;
				"CODE_SIGN_IDENTITY[sdk=iphoneos*]" = "iPhone Developer";
				COPY_PHASE_STRIP = YES;
				GCC_C_LANGUAGE_STANDARD = gnu99;
				GCC_VERSION = com.apple.compilers.llvm.clang.1_0;
				GCC_WARN_ABOUT_RETURN_TYPE = YES;
				GCC_WARN_UNINITIALIZED_AUTOS = YES;
				GCC_WARN_UNUSED_VARIABLE = YES;
				IPHONEOS_DEPLOYMENT_TARGET = 5.1;
				OTHER_CFLAGS = "-DNS_BLOCK_ASSERTIONS=1";
				SDKROOT = iphoneos;
				VALIDATE_PRODUCT = YES;
			};
			name = Release;
		};
		B65A67F415F5D05E0039318C /* Debug */ = {
			isa = XCBuildConfiguration;
			baseConfigurationReference = 1C067243F91C4545A0E4BBB6 /* Pods.xcconfig */;
			buildSettings = {
				GCC_PRECOMPILE_PREFIX_HEADER = YES;
				GCC_PREFIX_HEADER = "tinyBash/tinyBash-Prefix.pch";
				HEADER_SEARCH_PATHS = (
					"/usr/include/libxml2/**",
					"$(inherited)/**",
				);
				INFOPLIST_FILE = "tinyBash/tinyBash-Info.plist";
				IPHONEOS_DEPLOYMENT_TARGET = 5.1;
				OTHER_LDFLAGS = (
					"-lxml2",
					"$(inherited)",
				);
				PRODUCT_NAME = "$(TARGET_NAME)";
				TARGETED_DEVICE_FAMILY = "1,2";
				WRAPPER_EXTENSION = app;
			};
			name = Debug;
		};
		B65A67F515F5D05E0039318C /* Release */ = {
			isa = XCBuildConfiguration;
			baseConfigurationReference = 1C067243F91C4545A0E4BBB6 /* Pods.xcconfig */;
			buildSettings = {
				GCC_PRECOMPILE_PREFIX_HEADER = YES;
				GCC_PREFIX_HEADER = "tinyBash/tinyBash-Prefix.pch";
				HEADER_SEARCH_PATHS = (
					"/usr/include/libxml2/**",
					"$(inherited)/**",
				);
				INFOPLIST_FILE = "tinyBash/tinyBash-Info.plist";
				IPHONEOS_DEPLOYMENT_TARGET = 5.1;
				OTHER_LDFLAGS = (
					"-lxml2",
					"$(inherited)",
				);
				PRODUCT_NAME = "$(TARGET_NAME)";
				TARGETED_DEVICE_FAMILY = "1,2";
				WRAPPER_EXTENSION = app;
			};
			name = Release;
		};
/* End XCBuildConfiguration section */

/* Begin XCConfigurationList section */
		B65A67CF15F5D05E0039318C /* Build configuration list for PBXProject "tinyBash" */ = {
			isa = XCConfigurationList;
			buildConfigurations = (
				B65A67F115F5D05E0039318C /* Debug */,
				B65A67F215F5D05E0039318C /* Release */,
			);
			defaultConfigurationIsVisible = 0;
			defaultConfigurationName = Release;
		};
		B65A67F315F5D05E0039318C /* Build configuration list for PBXNativeTarget "tinyBash" */ = {
			isa = XCConfigurationList;
			buildConfigurations = (
				B65A67F415F5D05E0039318C /* Debug */,
				B65A67F515F5D05E0039318C /* Release */,
			);
			defaultConfigurationIsVisible = 0;
			defaultConfigurationName = Release;
		};
/* End XCConfigurationList section */
	};
	rootObject = B65A67CC15F5D05E0039318C /* Project object */;
}
